// !$*UTF8*$!
{
	archiveVersion = 1;
	classes = {
	};
	objectVersion = 50;
	objects = {

/* Begin PBXBuildFile section */
		22593B33227A2650003B9C0B /* ImageClassifier.mlmodel in Sources */ = {isa = PBXBuildFile; fileRef = 22593B32227A2650003B9C0B /* ImageClassifier.mlmodel */; };
		22E0E750227CC77900428D1F /* SavedImagesViewController.swift in Sources */ = {isa = PBXBuildFile; fileRef = 22E0E74F227CC77900428D1F /* SavedImagesViewController.swift */; };
		22E0E752227CE28600428D1F /* UploadedCollectionViewCell.swift in Sources */ = {isa = PBXBuildFile; fileRef = 22E0E751227CE28600428D1F /* UploadedCollectionViewCell.swift */; };
		22EDF11A227A306B006DF378 /* TabBarHeight.swift in Sources */ = {isa = PBXBuildFile; fileRef = 22EDF119227A306B006DF378 /* TabBarHeight.swift */; };
		22EDF11C227A43DF006DF378 /* UploadDetailViewController.swift in Sources */ = {isa = PBXBuildFile; fileRef = 22EDF11B227A43DF006DF378 /* UploadDetailViewController.swift */; };
		22EDF11E227A56CA006DF378 /* GoogleService-Info.plist in Resources */ = {isa = PBXBuildFile; fileRef = 22EDF11D227A56CA006DF378 /* GoogleService-Info.plist */; };
		67FDDE2C2277CF6D0058754F /* AppDelegate.swift in Sources */ = {isa = PBXBuildFile; fileRef = 67FDDE2B2277CF6D0058754F /* AppDelegate.swift */; };
		67FDDE2E2277CF6D0058754F /* ViewController.swift in Sources */ = {isa = PBXBuildFile; fileRef = 67FDDE2D2277CF6D0058754F /* ViewController.swift */; };
		67FDDE312277CF6D0058754F /* Main.storyboard in Resources */ = {isa = PBXBuildFile; fileRef = 67FDDE2F2277CF6D0058754F /* Main.storyboard */; };
		67FDDE332277CF700058754F /* Assets.xcassets in Resources */ = {isa = PBXBuildFile; fileRef = 67FDDE322277CF700058754F /* Assets.xcassets */; };
		67FDDE362277CF700058754F /* LaunchScreen.storyboard in Resources */ = {isa = PBXBuildFile; fileRef = 67FDDE342277CF700058754F /* LaunchScreen.storyboard */; };
		8AFFC11BE0C1D46C692E62A2 /* Pods_ImageClassifier.framework in Frameworks */ = {isa = PBXBuildFile; fileRef = 79E56EF9D9A7BBD3CBCBDCBF /* Pods_ImageClassifier.framework */; };
/* End PBXBuildFile section */

/* Begin PBXFileReference section */
		22593B32227A2650003B9C0B /* ImageClassifier.mlmodel */ = {isa = PBXFileReference; lastKnownFileType = file.mlmodel; name = ImageClassifier.mlmodel; path = ../../ImageClassifier.mlmodel; sourceTree = "<group>"; };
		22E0E74F227CC77900428D1F /* SavedImagesViewController.swift */ = {isa = PBXFileReference; lastKnownFileType = sourcecode.swift; path = SavedImagesViewController.swift; sourceTree = "<group>"; };
		22E0E751227CE28600428D1F /* UploadedCollectionViewCell.swift */ = {isa = PBXFileReference; lastKnownFileType = sourcecode.swift; path = UploadedCollectionViewCell.swift; sourceTree = "<group>"; };
		22EDF119227A306B006DF378 /* TabBarHeight.swift */ = {isa = PBXFileReference; lastKnownFileType = sourcecode.swift; path = TabBarHeight.swift; sourceTree = "<group>"; };
		22EDF11B227A43DF006DF378 /* UploadDetailViewController.swift */ = {isa = PBXFileReference; lastKnownFileType = sourcecode.swift; path = UploadDetailViewController.swift; sourceTree = "<group>"; };
		22EDF11D227A56CA006DF378 /* GoogleService-Info.plist */ = {isa = PBXFileReference; fileEncoding = 4; lastKnownFileType = text.plist.xml; path = "GoogleService-Info.plist"; sourceTree = "<group>"; };
		2D3DEAC4D04724C49F5EB861 /* Pods-ImageClassifier.release.xcconfig */ = {isa = PBXFileReference; includeInIndex = 1; lastKnownFileType = text.xcconfig; name = "Pods-ImageClassifier.release.xcconfig"; path = "Pods/Target Support Files/Pods-ImageClassifier/Pods-ImageClassifier.release.xcconfig"; sourceTree = "<group>"; };
		67FDDE282277CF6D0058754F /* ImageClassifier.app */ = {isa = PBXFileReference; explicitFileType = wrapper.application; includeInIndex = 0; path = ImageClassifier.app; sourceTree = BUILT_PRODUCTS_DIR; };
		67FDDE2B2277CF6D0058754F /* AppDelegate.swift */ = {isa = PBXFileReference; lastKnownFileType = sourcecode.swift; path = AppDelegate.swift; sourceTree = "<group>"; };
		67FDDE2D2277CF6D0058754F /* ViewController.swift */ = {isa = PBXFileReference; lastKnownFileType = sourcecode.swift; path = ViewController.swift; sourceTree = "<group>"; };
		67FDDE302277CF6D0058754F /* Base */ = {isa = PBXFileReference; lastKnownFileType = file.storyboard; name = Base; path = Base.lproj/Main.storyboard; sourceTree = "<group>"; };
		67FDDE322277CF700058754F /* Assets.xcassets */ = {isa = PBXFileReference; lastKnownFileType = folder.assetcatalog; path = Assets.xcassets; sourceTree = "<group>"; };
		67FDDE352277CF700058754F /* Base */ = {isa = PBXFileReference; lastKnownFileType = file.storyboard; name = Base; path = Base.lproj/LaunchScreen.storyboard; sourceTree = "<group>"; };
		67FDDE372277CF700058754F /* Info.plist */ = {isa = PBXFileReference; lastKnownFileType = text.plist.xml; path = Info.plist; sourceTree = "<group>"; };
		79E56EF9D9A7BBD3CBCBDCBF /* Pods_ImageClassifier.framework */ = {isa = PBXFileReference; explicitFileType = wrapper.framework; includeInIndex = 0; path = Pods_ImageClassifier.framework; sourceTree = BUILT_PRODUCTS_DIR; };
		820596023E9C65CDCF75B71F /* Pods-ImageClassifier.debug.xcconfig */ = {isa = PBXFileReference; includeInIndex = 1; lastKnownFileType = text.xcconfig; name = "Pods-ImageClassifier.debug.xcconfig"; path = "Pods/Target Support Files/Pods-ImageClassifier/Pods-ImageClassifier.debug.xcconfig"; sourceTree = "<group>"; };
/* End PBXFileReference section */

/* Begin PBXFrameworksBuildPhase section */
		67FDDE252277CF6D0058754F /* Frameworks */ = {
			isa = PBXFrameworksBuildPhase;
			buildActionMask = 2147483647;
			files = (
				8AFFC11BE0C1D46C692E62A2 /* Pods_ImageClassifier.framework in Frameworks */,
			);
			runOnlyForDeploymentPostprocessing = 0;
		};
/* End PBXFrameworksBuildPhase section */

/* Begin PBXGroup section */
		67FDDE1F2277CF6D0058754F = {
			isa = PBXGroup;
			children = (
				67FDDE2A2277CF6D0058754F /* ImageClassifier */,
				67FDDE292277CF6D0058754F /* Products */,
				8165DD27B22C3717A7123379 /* Pods */,
				ABEDB5A69D6A2033D107AAFF /* Frameworks */,
			);
			sourceTree = "<group>";
		};
		67FDDE292277CF6D0058754F /* Products */ = {
			isa = PBXGroup;
			children = (
				67FDDE282277CF6D0058754F /* ImageClassifier.app */,
			);
			name = Products;
			sourceTree = "<group>";
		};
		67FDDE2A2277CF6D0058754F /* ImageClassifier */ = {
			isa = PBXGroup;
			children = (
				67FDDE2B2277CF6D0058754F /* AppDelegate.swift */,
				67FDDE322277CF700058754F /* Assets.xcassets */,
				67FDDE342277CF700058754F /* LaunchScreen.storyboard */,
				67FDDE372277CF700058754F /* Info.plist */,
				22EDF11D227A56CA006DF378 /* GoogleService-Info.plist */,
				22593B32227A2650003B9C0B /* ImageClassifier.mlmodel */,
				67FDDE2F2277CF6D0058754F /* Main.storyboard */,
				22EDF119227A306B006DF378 /* TabBarHeight.swift */,
				67FDDE2D2277CF6D0058754F /* ViewController.swift */,
				22EDF11B227A43DF006DF378 /* UploadDetailViewController.swift */,
				22E0E74F227CC77900428D1F /* SavedImagesViewController.swift */,
				22E0E751227CE28600428D1F /* UploadedCollectionViewCell.swift */,
			);
			path = ImageClassifier;
			sourceTree = "<group>";
		};
		8165DD27B22C3717A7123379 /* Pods */ = {
			isa = PBXGroup;
			children = (
				820596023E9C65CDCF75B71F /* Pods-ImageClassifier.debug.xcconfig */,
				2D3DEAC4D04724C49F5EB861 /* Pods-ImageClassifier.release.xcconfig */,
			);
			name = Pods;
			sourceTree = "<group>";
		};
		ABEDB5A69D6A2033D107AAFF /* Frameworks */ = {
			isa = PBXGroup;
			children = (
				79E56EF9D9A7BBD3CBCBDCBF /* Pods_ImageClassifier.framework */,
			);
			name = Frameworks;
			sourceTree = "<group>";
		};
/* End PBXGroup section */

/* Begin PBXNativeTarget section */
		67FDDE272277CF6D0058754F /* ImageClassifier */ = {
			isa = PBXNativeTarget;
			buildConfigurationList = 67FDDE3A2277CF700058754F /* Build configuration list for PBXNativeTarget "ImageClassifier" */;
			buildPhases = (
				691B6B5B0F10D4AFB76EA18F /* [CP] Check Pods Manifest.lock */,
				67FDDE242277CF6D0058754F /* Sources */,
				67FDDE252277CF6D0058754F /* Frameworks */,
				67FDDE262277CF6D0058754F /* Resources */,
				3C161478E674F2CA0FDCFB5C /* [CP] Embed Pods Frameworks */,
				2E2C905131C2C20AD32F4E31 /* [CP] Copy Pods Resources */,
			);
			buildRules = (
			);
			dependencies = (
			);
			name = ImageClassifier;
			productName = ImageClassifier;
			productReference = 67FDDE282277CF6D0058754F /* ImageClassifier.app */;
			productType = "com.apple.product-type.application";
		};
/* End PBXNativeTarget section */

/* Begin PBXProject section */
		67FDDE202277CF6D0058754F /* Project object */ = {
			isa = PBXProject;
			attributes = {
				LastSwiftUpdateCheck = 1020;
				LastUpgradeCheck = 1020;
				ORGANIZATIONNAME = Practice;
				TargetAttributes = {
					67FDDE272277CF6D0058754F = {
						CreatedOnToolsVersion = 10.2.1;
					};
				};
			};
			buildConfigurationList = 67FDDE232277CF6D0058754F /* Build configuration list for PBXProject "ImageClassifier" */;
			compatibilityVersion = "Xcode 9.3";
			developmentRegion = en;
			hasScannedForEncodings = 0;
			knownRegions = (
				en,
				Base,
			);
			mainGroup = 67FDDE1F2277CF6D0058754F;
			productRefGroup = 67FDDE292277CF6D0058754F /* Products */;
			projectDirPath = "";
			projectRoot = "";
			targets = (
				67FDDE272277CF6D0058754F /* ImageClassifier */,
			);
		};
/* End PBXProject section */

/* Begin PBXResourcesBuildPhase section */
		67FDDE262277CF6D0058754F /* Resources */ = {
			isa = PBXResourcesBuildPhase;
			buildActionMask = 2147483647;
			files = (
				67FDDE362277CF700058754F /* LaunchScreen.storyboard in Resources */,
				22EDF11E227A56CA006DF378 /* GoogleService-Info.plist in Resources */,
				67FDDE332277CF700058754F /* Assets.xcassets in Resources */,
				67FDDE312277CF6D0058754F /* Main.storyboard in Resources */,
			);
			runOnlyForDeploymentPostprocessing = 0;
		};
/* End PBXResourcesBuildPhase section */

/* Begin PBXShellScriptBuildPhase section */
		2E2C905131C2C20AD32F4E31 /* [CP] Copy Pods Resources */ = {
			isa = PBXShellScriptBuildPhase;
			buildActionMask = 2147483647;
			files = (
			);
			inputPaths = (
			);
			name = "[CP] Copy Pods Resources";
			outputPaths = (
			);
			runOnlyForDeploymentPostprocessing = 0;
			shellPath = /bin/sh;
			shellScript = "\"${SRCROOT}/Pods/Target Support Files/Pods-ImageClassifier/Pods-ImageClassifier-resources.sh\"\n";
			showEnvVarsInLog = 0;
		};
		3C161478E674F2CA0FDCFB5C /* [CP] Embed Pods Frameworks */ = {
			isa = PBXShellScriptBuildPhase;
			buildActionMask = 2147483647;
			files = (
			);
			inputPaths = (
				"${SRCROOT}/Pods/Target Support Files/Pods-ImageClassifier/Pods-ImageClassifier-frameworks.sh",
				"${BUILT_PRODUCTS_DIR}/CardSlider/CardSlider.framework",
				"${BUILT_PRODUCTS_DIR}/GTMSessionFetcher/GTMSessionFetcher.framework",
				"${BUILT_PRODUCTS_DIR}/GoogleUtilities/GoogleUtilities.framework",
				"${BUILT_PRODUCTS_DIR}/Hero/Hero.framework",
				"${BUILT_PRODUCTS_DIR}/PryntTrimmerView/PryntTrimmerView.framework",
				"${BUILT_PRODUCTS_DIR}/SteviaLayout/Stevia.framework",
				"${BUILT_PRODUCTS_DIR}/YPImagePicker/YPImagePicker.framework",
				"${BUILT_PRODUCTS_DIR}/leveldb-library/leveldb.framework",
				"${BUILT_PRODUCTS_DIR}/nanopb/nanopb.framework",
			);
			name = "[CP] Embed Pods Frameworks";
			outputPaths = (
				"${TARGET_BUILD_DIR}/${FRAMEWORKS_FOLDER_PATH}/CardSlider.framework",
				"${TARGET_BUILD_DIR}/${FRAMEWORKS_FOLDER_PATH}/GTMSessionFetcher.framework",
				"${TARGET_BUILD_DIR}/${FRAMEWORKS_FOLDER_PATH}/GoogleUtilities.framework",
				"${TARGET_BUILD_DIR}/${FRAMEWORKS_FOLDER_PATH}/Hero.framework",
				"${TARGET_BUILD_DIR}/${FRAMEWORKS_FOLDER_PATH}/PryntTrimmerView.framework",
				"${TARGET_BUILD_DIR}/${FRAMEWORKS_FOLDER_PATH}/Stevia.framework",
				"${TARGET_BUILD_DIR}/${FRAMEWORKS_FOLDER_PATH}/YPImagePicker.framework",
				"${TARGET_BUILD_DIR}/${FRAMEWORKS_FOLDER_PATH}/leveldb.framework",
				"${TARGET_BUILD_DIR}/${FRAMEWORKS_FOLDER_PATH}/nanopb.framework",
			);
			runOnlyForDeploymentPostprocessing = 0;
			shellPath = /bin/sh;
			shellScript = "\"${SRCROOT}/Pods/Target Support Files/Pods-ImageClassifier/Pods-ImageClassifier-frameworks.sh\"\n";
			showEnvVarsInLog = 0;
		};
		691B6B5B0F10D4AFB76EA18F /* [CP] Check Pods Manifest.lock */ = {
			isa = PBXShellScriptBuildPhase;
			buildActionMask = 2147483647;
			files = (
			);
			inputPaths = (
				"${PODS_PODFILE_DIR_PATH}/Podfile.lock",
				"${PODS_ROOT}/Manifest.lock",
			);
			name = "[CP] Check Pods Manifest.lock";
			outputPaths = (
				"$(DERIVED_FILE_DIR)/Pods-ImageClassifier-checkManifestLockResult.txt",
			);
			runOnlyForDeploymentPostprocessing = 0;
			shellPath = /bin/sh;
			shellScript = "diff \"${PODS_PODFILE_DIR_PATH}/Podfile.lock\" \"${PODS_ROOT}/Manifest.lock\" > /dev/null\nif [ $? != 0 ] ; then\n    # print error to STDERR\n    echo \"error: The sandbox is not in sync with the Podfile.lock. Run 'pod install' or update your CocoaPods installation.\" >&2\n    exit 1\nfi\n# This output is used by Xcode 'outputs' to avoid re-running this script phase.\necho \"SUCCESS\" > \"${SCRIPT_OUTPUT_FILE_0}\"\n";
			showEnvVarsInLog = 0;
		};
/* End PBXShellScriptBuildPhase section */

/* Begin PBXSourcesBuildPhase section */
		67FDDE242277CF6D0058754F /* Sources */ = {
			isa = PBXSourcesBuildPhase;
			buildActionMask = 2147483647;
			files = (
				67FDDE2E2277CF6D0058754F /* ViewController.swift in Sources */,
				22EDF11C227A43DF006DF378 /* UploadDetailViewController.swift in Sources */,
				22593B33227A2650003B9C0B /* ImageClassifier.mlmodel in Sources */,
				22E0E750227CC77900428D1F /* SavedImagesViewController.swift in Sources */,
				22E0E752227CE28600428D1F /* UploadedCollectionViewCell.swift in Sources */,
				22EDF11A227A306B006DF378 /* TabBarHeight.swift in Sources */,
				67FDDE2C2277CF6D0058754F /* AppDelegate.swift in Sources */,
			);
			runOnlyForDeploymentPostprocessing = 0;
		};
/* End PBXSourcesBuildPhase section */

/* Begin PBXVariantGroup section */
		67FDDE2F2277CF6D0058754F /* Main.storyboard */ = {
			isa = PBXVariantGroup;
			children = (
				67FDDE302277CF6D0058754F /* Base */,
			);
			name = Main.storyboard;
			sourceTree = "<group>";
		};
		67FDDE342277CF700058754F /* LaunchScreen.storyboard */ = {
			isa = PBXVariantGroup;
			children = (
				67FDDE352277CF700058754F /* Base */,
			);
			name = LaunchScreen.storyboard;
			sourceTree = "<group>";
		};
/* End PBXVariantGroup section */

/* Begin XCBuildConfiguration section */
		67FDDE382277CF700058754F /* Debug */ = {
			isa = XCBuildConfiguration;
			buildSettings = {
				ALWAYS_SEARCH_USER_PATHS = NO;
				CLANG_ANALYZER_NONNULL = YES;
				CLANG_ANALYZER_NUMBER_OBJECT_CONVERSION = YES_AGGRESSIVE;
				CLANG_CXX_LANGUAGE_STANDARD = "gnu++14";
				CLANG_CXX_LIBRARY = "libc++";
				CLANG_ENABLE_MODULES = YES;
				CLANG_ENABLE_OBJC_ARC = YES;
				CLANG_ENABLE_OBJC_WEAK = YES;
				CLANG_WARN_BLOCK_CAPTURE_AUTORELEASING = YES;
				CLANG_WARN_BOOL_CONVERSION = YES;
				CLANG_WARN_COMMA = YES;
				CLANG_WARN_CONSTANT_CONVERSION = YES;
				CLANG_WARN_DEPRECATED_OBJC_IMPLEMENTATIONS = YES;
				CLANG_WARN_DIRECT_OBJC_ISA_USAGE = YES_ERROR;
				CLANG_WARN_DOCUMENTATION_COMMENTS = YES;
				CLANG_WARN_EMPTY_BODY = YES;
				CLANG_WARN_ENUM_CONVERSION = YES;
				CLANG_WARN_INFINITE_RECURSION = YES;
				CLANG_WARN_INT_CONVERSION = YES;
				CLANG_WARN_NON_LITERAL_NULL_CONVERSION = YES;
				CLANG_WARN_OBJC_IMPLICIT_RETAIN_SELF = YES;
				CLANG_WARN_OBJC_LITERAL_CONVERSION = YES;
				CLANG_WARN_OBJC_ROOT_CLASS = YES_ERROR;
				CLANG_WARN_RANGE_LOOP_ANALYSIS = YES;
				CLANG_WARN_STRICT_PROTOTYPES = YES;
				CLANG_WARN_SUSPICIOUS_MOVE = YES;
				CLANG_WARN_UNGUARDED_AVAILABILITY = YES_AGGRESSIVE;
				CLANG_WARN_UNREACHABLE_CODE = YES;
				CLANG_WARN__DUPLICATE_METHOD_MATCH = YES;
				CODE_SIGN_IDENTITY = "iPhone Developer";
				COPY_PHASE_STRIP = NO;
				DEBUG_INFORMATION_FORMAT = dwarf;
				ENABLE_STRICT_OBJC_MSGSEND = YES;
				ENABLE_TESTABILITY = YES;
				GCC_C_LANGUAGE_STANDARD = gnu11;
				GCC_DYNAMIC_NO_PIC = NO;
				GCC_NO_COMMON_BLOCKS = YES;
				GCC_OPTIMIZATION_LEVEL = 0;
				GCC_PREPROCESSOR_DEFINITIONS = (
					"DEBUG=1",
					"$(inherited)",
				);
				GCC_WARN_64_TO_32_BIT_CONVERSION = YES;
				GCC_WARN_ABOUT_RETURN_TYPE = YES_ERROR;
				GCC_WARN_UNDECLARED_SELECTOR = YES;
				GCC_WARN_UNINITIALIZED_AUTOS = YES_AGGRESSIVE;
				GCC_WARN_UNUSED_FUNCTION = YES;
				GCC_WARN_UNUSED_VARIABLE = YES;
				IPHONEOS_DEPLOYMENT_TARGET = 12.2;
				MTL_ENABLE_DEBUG_INFO = INCLUDE_SOURCE;
				MTL_FAST_MATH = YES;
				ONLY_ACTIVE_ARCH = YES;
				SDKROOT = iphoneos;
				SWIFT_ACTIVE_COMPILATION_CONDITIONS = DEBUG;
				SWIFT_OPTIMIZATION_LEVEL = "-Onone";
			};
			name = Debug;
		};
		67FDDE392277CF700058754F /* Release */ = {
			isa = XCBuildConfiguration;
			buildSettings = {
				ALWAYS_SEARCH_USER_PATHS = NO;
				CLANG_ANALYZER_NONNULL = YES;
				CLANG_ANALYZER_NUMBER_OBJECT_CONVERSION = YES_AGGRESSIVE;
				CLANG_CXX_LANGUAGE_STANDARD = "gnu++14";
				CLANG_CXX_LIBRARY = "libc++";
				CLANG_ENABLE_MODULES = YES;
				CLANG_ENABLE_OBJC_ARC = YES;
				CLANG_ENABLE_OBJC_WEAK = YES;
				CLANG_WARN_BLOCK_CAPTURE_AUTORELEASING = YES;
				CLANG_WARN_BOOL_CONVERSION = YES;
				CLANG_WARN_COMMA = YES;
				CLANG_WARN_CONSTANT_CONVERSION = YES;
				CLANG_WARN_DEPRECATED_OBJC_IMPLEMENTATIONS = YES;
				CLANG_WARN_DIRECT_OBJC_ISA_USAGE = YES_ERROR;
				CLANG_WARN_DOCUMENTATION_COMMENTS = YES;
				CLANG_WARN_EMPTY_BODY = YES;
				CLANG_WARN_ENUM_CONVERSION = YES;
				CLANG_WARN_INFINITE_RECURSION = YES;
				CLANG_WARN_INT_CONVERSION = YES;
				CLANG_WARN_NON_LITERAL_NULL_CONVERSION = YES;
				CLANG_WARN_OBJC_IMPLICIT_RETAIN_SELF = YES;
				CLANG_WARN_OBJC_LITERAL_CONVERSION = YES;
				CLANG_WARN_OBJC_ROOT_CLASS = YES_ERROR;
				CLANG_WARN_RANGE_LOOP_ANALYSIS = YES;
				CLANG_WARN_STRICT_PROTOTYPES = YES;
				CLANG_WARN_SUSPICIOUS_MOVE = YES;
				CLANG_WARN_UNGUARDED_AVAILABILITY = YES_AGGRESSIVE;
				CLANG_WARN_UNREACHABLE_CODE = YES;
				CLANG_WARN__DUPLICATE_METHOD_MATCH = YES;
				CODE_SIGN_IDENTITY = "iPhone Developer";
				COPY_PHASE_STRIP = NO;
				DEBUG_INFORMATION_FORMAT = "dwarf-with-dsym";
				ENABLE_NS_ASSERTIONS = NO;
				ENABLE_STRICT_OBJC_MSGSEND = YES;
				GCC_C_LANGUAGE_STANDARD = gnu11;
				GCC_NO_COMMON_BLOCKS = YES;
				GCC_WARN_64_TO_32_BIT_CONVERSION = YES;
				GCC_WARN_ABOUT_RETURN_TYPE = YES_ERROR;
				GCC_WARN_UNDECLARED_SELECTOR = YES;
				GCC_WARN_UNINITIALIZED_AUTOS = YES_AGGRESSIVE;
				GCC_WARN_UNUSED_FUNCTION = YES;
				GCC_WARN_UNUSED_VARIABLE = YES;
				IPHONEOS_DEPLOYMENT_TARGET = 12.2;
				MTL_ENABLE_DEBUG_INFO = NO;
				MTL_FAST_MATH = YES;
				SDKROOT = iphoneos;
				SWIFT_COMPILATION_MODE = wholemodule;
				SWIFT_OPTIMIZATION_LEVEL = "-O";
				VALIDATE_PRODUCT = YES;
			};
			name = Release;
		};
		67FDDE3B2277CF700058754F /* Debug */ = {
			isa = XCBuildConfiguration;
			baseConfigurationReference = 820596023E9C65CDCF75B71F /* Pods-ImageClassifier.debug.xcconfig */;
			buildSettings = {
				ASSETCATALOG_COMPILER_APPICON_NAME = AppIcon;
				CODE_SIGN_STYLE = Automatic;
				DEVELOPMENT_TEAM = 64ZFR3XB85;
				INFOPLIST_FILE = ImageClassifier/Info.plist;
				IPHONEOS_DEPLOYMENT_TARGET = 12.1;
				LD_RUNPATH_SEARCH_PATHS = (
					"$(inherited)",
					"@executable_path/Frameworks",
				);
				PRODUCT_BUNDLE_IDENTIFIER = com.example.ImageClassifierSam;
				PRODUCT_NAME = "$(TARGET_NAME)";
				SWIFT_VERSION = 5.0;
				TARGETED_DEVICE_FAMILY = "1,2";
			};
			name = Debug;
		};
		67FDDE3C2277CF700058754F /* Release */ = {
			isa = XCBuildConfiguration;
			baseConfigurationReference = 2D3DEAC4D04724C49F5EB861 /* Pods-ImageClassifier.release.xcconfig */;
			buildSettings = {
				ASSETCATALOG_COMPILER_APPICON_NAME = AppIcon;
				CODE_SIGN_STYLE = Automatic;
				DEVELOPMENT_TEAM = 64ZFR3XB85;
				INFOPLIST_FILE = ImageClassifier/Info.plist;
				IPHONEOS_DEPLOYMENT_TARGET = 12.1;
				LD_RUNPATH_SEARCH_PATHS = (
					"$(inherited)",
					"@executable_path/Frameworks",
				);
				PRODUCT_BUNDLE_IDENTIFIER = com.example.ImageClassifierSam;
				PRODUCT_NAME = "$(TARGET_NAME)";
				SWIFT_VERSION = 5.0;
				TARGETED_DEVICE_FAMILY = "1,2";
			};
			name = Release;
		};
/* End XCBuildConfiguration section */

/* Begin XCConfigurationList section */
		67FDDE232277CF6D0058754F /* Build configuration list for PBXProject "ImageClassifier" */ = {
			isa = XCConfigurationList;
			buildConfigurations = (
				67FDDE382277CF700058754F /* Debug */,
				67FDDE392277CF700058754F /* Release */,
			);
			defaultConfigurationIsVisible = 0;
			defaultConfigurationName = Release;
		};
		67FDDE3A2277CF700058754F /* Build configuration list for PBXNativeTarget "ImageClassifier" */ = {
			isa = XCConfigurationList;
			buildConfigurations = (
				67FDDE3B2277CF700058754F /* Debug */,
				67FDDE3C2277CF700058754F /* Release */,
			);
			defaultConfigurationIsVisible = 0;
			defaultConfigurationName = Release;
		};
/* End XCConfigurationList section */
	};
	rootObject = 67FDDE202277CF6D0058754F /* Project object */;
}
